
Microsoft Visual Studio Solution File, Format Version 12.00
# Visual Studio Version 17
VisualStudioVersion = 17.5.33530.505
MinimumVisualStudioVersion = 10.0.40219.1
Project("{FAE04EC0-301F-11D3-BF4B-00C04F79EFBC}") = "AppMovelBD.Android", "AppMovelBD.Android\AppMovelBD.Android.csproj", "{43C5C881-D72A-408F-96D3-6ACFEA48EBDE}"
EndProject
Project("{FAE04EC0-301F-11D3-BF4B-00C04F79EFBC}") = "AppMovelBD", "AppMovelBD\AppMovelBD.csproj", "{C657FFA3-9299-4EEC-888C-4768E20B30E3}"
EndProject
Global
	GlobalSection(SolutionConfigurationPlatforms) = preSolution
		Debug|Any CPU = Debug|Any CPU
		Release|Any CPU = Release|Any CPU
	EndGlobalSection
	GlobalSection(ProjectConfigurationPlatforms) = postSolution
		{43C5C881-D72A-408F-96D3-6ACFEA48EBDE}.Debug|Any CPU.ActiveCfg = Debug|Any CPU
		{43C5C881-D72A-408F-96D3-6ACFEA48EBDE}.Debug|Any CPU.Build.0 = Debug|Any CPU
		{43C5C881-D72A-408F-96D3-6ACFEA48EBDE}.Debug|Any CPU.Deploy.0 = Debug|Any CPU
		{43C5C881-D72A-408F-96D3-6ACFEA48EBDE}.Release|Any CPU.ActiveCfg = Release|Any CPU
		{43C5C881-D72A-408F-96D3-6ACFEA48EBDE}.Release|Any CPU.Build.0 = Release|Any CPU
		{43C5C881-D72A-408F-96D3-6ACFEA48EBDE}.Release|Any CPU.Deploy.0 = Release|Any CPU
		{C657FFA3-9299-4EEC-888C-4768E20B30E3}.Debug|Any CPU.ActiveCfg = Debug|Any CPU
		{C657FFA3-9299-4EEC-888C-4768E20B30E3}.Debug|Any CPU.Build.0 = Debug|Any CPU
		{C657FFA3-9299-4EEC-888C-4768E20B30E3}.Debug|Any CPU.Deploy.0 = Debug|Any CPU
		{C657FFA3-9299-4EEC-888C-4768E20B30E3}.Release|Any CPU.ActiveCfg = Release|Any CPU
		{C657FFA3-9299-4EEC-888C-4768E20B30E3}.Release|Any CPU.Build.0 = Release|Any CPU
		{C657FFA3-9299-4EEC-888C-4768E20B30E3}.Release|Any CPU.Deploy.0 = Release|Any CPU
	EndGlobalSection
	GlobalSection(SolutionProperties) = preSolution
		HideSolutionNode = FALSE
	EndGlobalSection
	GlobalSection(ExtensibilityGlobals) = postSolution
		SolutionGuid = {F38230D9-10F0-4085-B548-0A71AE928623}
	EndGlobalSection
EndGlobal
